
Microsoft Visual Studio Solution File, Format Version 12.00
# Visual Studio 15
VisualStudioVersion = 15.0.28307.271
MinimumVisualStudioVersion = 10.0.40219.1
Project("{FAE04EC0-301F-11D3-BF4B-00C04F79EFBC}") = "BurgerKiosk", "BurgerKiosk\BurgerKiosk.csproj", "{5DE235BD-B155-4E84-B831-A6581CB475DF}"
EndProject
Global
	GlobalSection(SolutionConfigurationPlatforms) = preSolution
		Debug|Any CPU = Debug|Any CPU
		Release|Any CPU = Release|Any CPU
	EndGlobalSection
	GlobalSection(ProjectConfigurationPlatforms) = postSolution
		{5DE235BD-B155-4E84-B831-A6581CB475DF}.Debug|Any CPU.ActiveCfg = Debug|Any CPU
		{5DE235BD-B155-4E84-B831-A6581CB475DF}.Debug|Any CPU.Build.0 = Debug|Any CPU
		{5DE235BD-B155-4E84-B831-A6581CB475DF}.Release|Any CPU.ActiveCfg = Release|Any CPU
		{5DE235BD-B155-4E84-B831-A6581CB475DF}.Release|Any CPU.Build.0 = Release|Any CPU
	EndGlobalSection
	GlobalSection(SolutionProperties) = preSolution
		HideSolutionNode = FALSE
	EndGlobalSection
	GlobalSection(ExtensibilityGlobals) = postSolution
		SolutionGuid = {43A1FB91-99DF-4F52-991B-0ABA08390B42}
	EndGlobalSection
EndGlobal
