
Microsoft Visual Studio Solution File, Format Version 12.00
# Visual Studio 15
VisualStudioVersion = 15.0.28307.329
MinimumVisualStudioVersion = 10.0.40219.1
Project("{FAE04EC0-301F-11D3-BF4B-00C04F79EFBC}") = "BurgerOrderForm", "BurgerOrderForm\BurgerOrderForm.csproj", "{DC54C25D-60D0-4491-8D0F-B73F064047C1}"
EndProject
Global
	GlobalSection(SolutionConfigurationPlatforms) = preSolution
		Debug|Any CPU = Debug|Any CPU
		Release|Any CPU = Release|Any CPU
	EndGlobalSection
	GlobalSection(ProjectConfigurationPlatforms) = postSolution
		{DC54C25D-60D0-4491-8D0F-B73F064047C1}.Debug|Any CPU.ActiveCfg = Debug|Any CPU
		{DC54C25D-60D0-4491-8D0F-B73F064047C1}.Debug|Any CPU.Build.0 = Debug|Any CPU
		{DC54C25D-60D0-4491-8D0F-B73F064047C1}.Release|Any CPU.ActiveCfg = Release|Any CPU
		{DC54C25D-60D0-4491-8D0F-B73F064047C1}.Release|Any CPU.Build.0 = Release|Any CPU
	EndGlobalSection
	GlobalSection(SolutionProperties) = preSolution
		HideSolutionNode = FALSE
	EndGlobalSection
	GlobalSection(ExtensibilityGlobals) = postSolution
		SolutionGuid = {B9A9702D-24EF-45F8-B230-0D2DB49A280F}
	EndGlobalSection
EndGlobal
